
Microsoft Visual Studio Solution File, Format Version 12.00
# Visual Studio Version 16
VisualStudioVersion = 16.0.29123.88
MinimumVisualStudioVersion = 10.0.40219.1
Project("{FAE04EC0-301F-11D3-BF4B-00C04F79EFBC}") = "Zork", "Zork\Zork.csproj", "{140064CF-1EEC-4CE9-9B34-D6B0878853FC}"
EndProject
Global
	GlobalSection(SolutionConfigurationPlatforms) = preSolution
		Debug|Any CPU = Debug|Any CPU
		Release|Any CPU = Release|Any CPU
	EndGlobalSection
	GlobalSection(ProjectConfigurationPlatforms) = postSolution
		{140064CF-1EEC-4CE9-9B34-D6B0878853FC}.Debug|Any CPU.ActiveCfg = Debug|Any CPU
		{140064CF-1EEC-4CE9-9B34-D6B0878853FC}.Debug|Any CPU.Build.0 = Debug|Any CPU
		{140064CF-1EEC-4CE9-9B34-D6B0878853FC}.Release|Any CPU.ActiveCfg = Release|Any CPU
		{140064CF-1EEC-4CE9-9B34-D6B0878853FC}.Release|Any CPU.Build.0 = Release|Any CPU
	EndGlobalSection
	GlobalSection(SolutionProperties) = preSolution
		HideSolutionNode = FALSE
	EndGlobalSection
	GlobalSection(ExtensibilityGlobals) = postSolution
		SolutionGuid = {3F9CD884-7936-429A-9A65-5DDF657595AC}
	EndGlobalSection
EndGlobal
